
Microsoft Visual Studio Solution File, Format Version 12.00
# Visual Studio 14
VisualStudioVersion = 14.0.25123.0
MinimumVisualStudioVersion = 10.0.40219.1
Project("{2150E333-8FDC-42A3-9474-1A3956D46DE8}") = "src", "src", "{2983FC73-16FD-45BF-91EF-34029134B7F2}"
EndProject
Project("{2150E333-8FDC-42A3-9474-1A3956D46DE8}") = "Solution Items", "Solution Items", "{34D368F0-22EC-4BB0-8FBF-E4795E1D8B1C}"
	ProjectSection(SolutionItems) = preProject
		global.json = global.json
	EndProjectSection
EndProject
Project("{8BB2217D-0F2D-49D1-97BC-3654ED321F3B}") = "ProductsTracker.Web", "src\ProductsTracker.Web\ProductsTracker.Web.xproj", "{88BA10C2-2292-4F41-B4BD-6144AE9DAC8B}"
EndProject
Project("{FAE04EC0-301F-11D3-BF4B-00C04F79EFBC}") = "ProductsTracker.Lib", "ProductsTracker.Lib\ProductsTracker.Lib.csproj", "{D7B95598-36D7-499C-A3DA-805244AEB32C}"
EndProject
Project("{FAE04EC0-301F-11D3-BF4B-00C04F79EFBC}") = "ProductsTracker.Data", "ProductsTracker.Data\ProductsTracker.Data.csproj", "{9B401AAA-39AB-4ABD-B71C-AAB6735394F4}"
EndProject
Project("{FAE04EC0-301F-11D3-BF4B-00C04F79EFBC}") = "Sample", "..\AmazonProductAdvtApiSampleCSharpQuery\Sample\Sample.csproj", "{C3234B14-F371-4985-A44D-521D7637BD63}"
EndProject
Project("{2150E333-8FDC-42A3-9474-1A3956D46DE8}") = "misc", "misc", "{0152B65E-72C6-4CED-B353-11A449F71150}"
	ProjectSection(SolutionItems) = preProject
		amazon_html.html = amazon_html.html
		TextFile1.txt = TextFile1.txt
		vert1.js = vert1.js
		vertbaudet search.html = vertbaudet search.html
	EndProjectSection
EndProject
Project("{FAE04EC0-301F-11D3-BF4B-00C04F79EFBC}") = "ProductsTracker.Web4", "ProductsTracker.Web4\ProductsTracker.Web4.csproj", "{F6810EAE-0C72-4D10-8C48-EC2967CB70F4}"
EndProject
Project("{FAE04EC0-301F-11D3-BF4B-00C04F79EFBC}") = "ProductsTracker.Lib.Tests", "ProductsTracker.Lib.Tests\ProductsTracker.Lib.Tests.csproj", "{4C366D59-EDE7-44D1-93AC-598FD4565BB3}"
EndProject
Global
	GlobalSection(SolutionConfigurationPlatforms) = preSolution
		Debug|Any CPU = Debug|Any CPU
		Release|Any CPU = Release|Any CPU
	EndGlobalSection
	GlobalSection(ProjectConfigurationPlatforms) = postSolution
		{88BA10C2-2292-4F41-B4BD-6144AE9DAC8B}.Debug|Any CPU.ActiveCfg = Debug|Any CPU
		{88BA10C2-2292-4F41-B4BD-6144AE9DAC8B}.Debug|Any CPU.Build.0 = Debug|Any CPU
		{88BA10C2-2292-4F41-B4BD-6144AE9DAC8B}.Release|Any CPU.ActiveCfg = Release|Any CPU
		{88BA10C2-2292-4F41-B4BD-6144AE9DAC8B}.Release|Any CPU.Build.0 = Release|Any CPU
		{D7B95598-36D7-499C-A3DA-805244AEB32C}.Debug|Any CPU.ActiveCfg = Debug|Any CPU
		{D7B95598-36D7-499C-A3DA-805244AEB32C}.Debug|Any CPU.Build.0 = Debug|Any CPU
		{D7B95598-36D7-499C-A3DA-805244AEB32C}.Release|Any CPU.ActiveCfg = Release|Any CPU
		{D7B95598-36D7-499C-A3DA-805244AEB32C}.Release|Any CPU.Build.0 = Release|Any CPU
		{9B401AAA-39AB-4ABD-B71C-AAB6735394F4}.Debug|Any CPU.ActiveCfg = Debug|Any CPU
		{9B401AAA-39AB-4ABD-B71C-AAB6735394F4}.Debug|Any CPU.Build.0 = Debug|Any CPU
		{9B401AAA-39AB-4ABD-B71C-AAB6735394F4}.Release|Any CPU.ActiveCfg = Release|Any CPU
		{9B401AAA-39AB-4ABD-B71C-AAB6735394F4}.Release|Any CPU.Build.0 = Release|Any CPU
		{C3234B14-F371-4985-A44D-521D7637BD63}.Debug|Any CPU.ActiveCfg = Debug|Any CPU
		{C3234B14-F371-4985-A44D-521D7637BD63}.Debug|Any CPU.Build.0 = Debug|Any CPU
		{C3234B14-F371-4985-A44D-521D7637BD63}.Release|Any CPU.ActiveCfg = Release|Any CPU
		{C3234B14-F371-4985-A44D-521D7637BD63}.Release|Any CPU.Build.0 = Release|Any CPU
		{F6810EAE-0C72-4D10-8C48-EC2967CB70F4}.Debug|Any CPU.ActiveCfg = Debug|Any CPU
		{F6810EAE-0C72-4D10-8C48-EC2967CB70F4}.Debug|Any CPU.Build.0 = Debug|Any CPU
		{F6810EAE-0C72-4D10-8C48-EC2967CB70F4}.Release|Any CPU.ActiveCfg = Release|Any CPU
		{F6810EAE-0C72-4D10-8C48-EC2967CB70F4}.Release|Any CPU.Build.0 = Release|Any CPU
		{4C366D59-EDE7-44D1-93AC-598FD4565BB3}.Debug|Any CPU.ActiveCfg = Debug|Any CPU
		{4C366D59-EDE7-44D1-93AC-598FD4565BB3}.Debug|Any CPU.Build.0 = Debug|Any CPU
		{4C366D59-EDE7-44D1-93AC-598FD4565BB3}.Release|Any CPU.ActiveCfg = Release|Any CPU
		{4C366D59-EDE7-44D1-93AC-598FD4565BB3}.Release|Any CPU.Build.0 = Release|Any CPU
	EndGlobalSection
	GlobalSection(SolutionProperties) = preSolution
		HideSolutionNode = FALSE
	EndGlobalSection
	GlobalSection(NestedProjects) = preSolution
		{88BA10C2-2292-4F41-B4BD-6144AE9DAC8B} = {2983FC73-16FD-45BF-91EF-34029134B7F2}
		{D7B95598-36D7-499C-A3DA-805244AEB32C} = {2983FC73-16FD-45BF-91EF-34029134B7F2}
		{9B401AAA-39AB-4ABD-B71C-AAB6735394F4} = {2983FC73-16FD-45BF-91EF-34029134B7F2}
		{F6810EAE-0C72-4D10-8C48-EC2967CB70F4} = {2983FC73-16FD-45BF-91EF-34029134B7F2}
	EndGlobalSection
EndGlobal
